
Microsoft Visual Studio Solution File, Format Version 12.00
# Visual Studio Version 17
VisualStudioVersion = 17.2.32616.157
MinimumVisualStudioVersion = 10.0.40219.1
Project("{9A19103F-16F7-4668-BE54-9A1E7A4F7556}") = "Techievibe.Hub.Common", "Techievibe.Hub.Common\Techievibe.Hub.Common.csproj", "{35D1829E-3D19-4C51-BF39-BD31C251ACFF}"
EndProject
Project("{9A19103F-16F7-4668-BE54-9A1E7A4F7556}") = "Techievibe.Hub.Services", "Techievibe.Hub.Services\Techievibe.Hub.Services.csproj", "{CFF2AB5E-5CED-4327-9AA0-9E4E8DDF045E}"
EndProject
Project("{9A19103F-16F7-4668-BE54-9A1E7A4F7556}") = "Techievibe.Hub.AuthManagement.API", "Techievibe.Hub.AuthManagement.API\Techievibe.Hub.AuthManagement.API.csproj", "{8642F137-B857-4FB2-A866-6CEB69DCAC0E}"
EndProject
Project("{9A19103F-16F7-4668-BE54-9A1E7A4F7556}") = "Techievibe.Hub.Infrastructure", "Techievibe.Hub.Infrastructure\Techievibe.Hub.Infrastructure.csproj", "{D6DF578B-834B-4986-A069-6524D81D955C}"
EndProject
Project("{9A19103F-16F7-4668-BE54-9A1E7A4F7556}") = "Techievibe.Hub.UserManagement.API", "Techievibe.Hub.UserManagement.API\Techievibe.Hub.UserManagement.API.csproj", "{D0A4C409-8204-4FB9-AB4A-8D89507153B3}"
EndProject
Global
	GlobalSection(SolutionConfigurationPlatforms) = preSolution
		Debug|Any CPU = Debug|Any CPU
		Release|Any CPU = Release|Any CPU
	EndGlobalSection
	GlobalSection(ProjectConfigurationPlatforms) = postSolution
		{35D1829E-3D19-4C51-BF39-BD31C251ACFF}.Debug|Any CPU.ActiveCfg = Debug|Any CPU
		{35D1829E-3D19-4C51-BF39-BD31C251ACFF}.Debug|Any CPU.Build.0 = Debug|Any CPU
		{35D1829E-3D19-4C51-BF39-BD31C251ACFF}.Release|Any CPU.ActiveCfg = Release|Any CPU
		{35D1829E-3D19-4C51-BF39-BD31C251ACFF}.Release|Any CPU.Build.0 = Release|Any CPU
		{CFF2AB5E-5CED-4327-9AA0-9E4E8DDF045E}.Debug|Any CPU.ActiveCfg = Debug|Any CPU
		{CFF2AB5E-5CED-4327-9AA0-9E4E8DDF045E}.Debug|Any CPU.Build.0 = Debug|Any CPU
		{CFF2AB5E-5CED-4327-9AA0-9E4E8DDF045E}.Release|Any CPU.ActiveCfg = Release|Any CPU
		{CFF2AB5E-5CED-4327-9AA0-9E4E8DDF045E}.Release|Any CPU.Build.0 = Release|Any CPU
		{8642F137-B857-4FB2-A866-6CEB69DCAC0E}.Debug|Any CPU.ActiveCfg = Debug|Any CPU
		{8642F137-B857-4FB2-A866-6CEB69DCAC0E}.Debug|Any CPU.Build.0 = Debug|Any CPU
		{8642F137-B857-4FB2-A866-6CEB69DCAC0E}.Release|Any CPU.ActiveCfg = Release|Any CPU
		{8642F137-B857-4FB2-A866-6CEB69DCAC0E}.Release|Any CPU.Build.0 = Release|Any CPU
		{D6DF578B-834B-4986-A069-6524D81D955C}.Debug|Any CPU.ActiveCfg = Debug|Any CPU
		{D6DF578B-834B-4986-A069-6524D81D955C}.Debug|Any CPU.Build.0 = Debug|Any CPU
		{D6DF578B-834B-4986-A069-6524D81D955C}.Release|Any CPU.ActiveCfg = Release|Any CPU
		{D6DF578B-834B-4986-A069-6524D81D955C}.Release|Any CPU.Build.0 = Release|Any CPU
		{D0A4C409-8204-4FB9-AB4A-8D89507153B3}.Debug|Any CPU.ActiveCfg = Debug|Any CPU
		{D0A4C409-8204-4FB9-AB4A-8D89507153B3}.Debug|Any CPU.Build.0 = Debug|Any CPU
		{D0A4C409-8204-4FB9-AB4A-8D89507153B3}.Release|Any CPU.ActiveCfg = Release|Any CPU
		{D0A4C409-8204-4FB9-AB4A-8D89507153B3}.Release|Any CPU.Build.0 = Release|Any CPU
	EndGlobalSection
	GlobalSection(SolutionProperties) = preSolution
		HideSolutionNode = FALSE
	EndGlobalSection
	GlobalSection(ExtensibilityGlobals) = postSolution
		SolutionGuid = {F7CA5115-AF6D-434A-B77B-BB30196278AE}
	EndGlobalSection
EndGlobal
